
Microsoft Visual Studio Solution File, Format Version 12.00
# Visual Studio Version 17
VisualStudioVersion = 17.5.33424.131
MinimumVisualStudioVersion = 10.0.40219.1
Project("{8BC9CEB8-8B4A-11D0-8D11-00A0C91BC942}") = "StandardcodesCpluplus", "StandardcodesCpluplus\StandardcodesCpluplus.vcxproj", "{D6ACA6F8-D29B-492C-A8F0-11AD396D8841}"
EndProject
Project("{8BC9CEB8-8B4A-11D0-8D11-00A0C91BC942}") = "SCCplusplusCommon", "SCCplusplusCommon\SCCplusplusCommon.vcxproj", "{66927B8E-E1FE-4263-A6C9-83DCCBF39007}"
EndProject
Project("{8BC9CEB8-8B4A-11D0-8D11-00A0C91BC942}") = "SCCplusplusSortBubble", "SCCplusplusSortBubble\SCCplusplusSortBubble.vcxproj", "{F846ED3E-869E-4962-9723-2221A9A9C709}"
EndProject
Project("{8BC9CEB8-8B4A-11D0-8D11-00A0C91BC942}") = "SCCplusplusSortBubbleopt", "SCCplusplusSortBubbleopt\SCCplusplusSortBubbleopt.vcxproj", "{D441C4CF-911E-4E16-A4DA-8C4AAAA76B8B}"
EndProject
Project("{8BC9CEB8-8B4A-11D0-8D11-00A0C91BC942}") = "SCCplusplusSortInsert", "SCCplusplusSortInsert\SCCplusplusSortInsert.vcxproj", "{44D6B5A3-4828-4F79-AE68-BA9EE85E7FBD}"
EndProject
Project("{8BC9CEB8-8B4A-11D0-8D11-00A0C91BC942}") = "SCCplusplusSortMerge", "SCCplusplusSortMerge\SCCplusplusSortMerge.vcxproj", "{E6F8876D-E2B6-430B-B95C-71864BB3DEF2}"
EndProject
Project("{8BC9CEB8-8B4A-11D0-8D11-00A0C91BC942}") = "SCCplusplusSortTree", "SCCplusplusSortTree\SCCplusplusSortTree.vcxproj", "{9A6B4C6A-EF80-4383-8BE1-36DE08D1BC39}"
EndProject
Project("{8BC9CEB8-8B4A-11D0-8D11-00A0C91BC942}") = "SCCplusplusSortHeap", "SCCplusplusSortHeap\SCCplusplusSortHeap.vcxproj", "{0E355C76-A654-4138-A01A-1943B86DB3ED}"
EndProject
Global
	GlobalSection(SolutionConfigurationPlatforms) = preSolution
		Debug|x64 = Debug|x64
		Debug|x86 = Debug|x86
		Release|x64 = Release|x64
		Release|x86 = Release|x86
	EndGlobalSection
	GlobalSection(ProjectConfigurationPlatforms) = postSolution
		{D6ACA6F8-D29B-492C-A8F0-11AD396D8841}.Debug|x64.ActiveCfg = Debug|x64
		{D6ACA6F8-D29B-492C-A8F0-11AD396D8841}.Debug|x64.Build.0 = Debug|x64
		{D6ACA6F8-D29B-492C-A8F0-11AD396D8841}.Debug|x86.ActiveCfg = Debug|Win32
		{D6ACA6F8-D29B-492C-A8F0-11AD396D8841}.Debug|x86.Build.0 = Debug|Win32
		{D6ACA6F8-D29B-492C-A8F0-11AD396D8841}.Release|x64.ActiveCfg = Release|x64
		{D6ACA6F8-D29B-492C-A8F0-11AD396D8841}.Release|x64.Build.0 = Release|x64
		{D6ACA6F8-D29B-492C-A8F0-11AD396D8841}.Release|x86.ActiveCfg = Release|Win32
		{D6ACA6F8-D29B-492C-A8F0-11AD396D8841}.Release|x86.Build.0 = Release|Win32
		{66927B8E-E1FE-4263-A6C9-83DCCBF39007}.Debug|x64.ActiveCfg = Debug|x64
		{66927B8E-E1FE-4263-A6C9-83DCCBF39007}.Debug|x64.Build.0 = Debug|x64
		{66927B8E-E1FE-4263-A6C9-83DCCBF39007}.Debug|x86.ActiveCfg = Debug|Win32
		{66927B8E-E1FE-4263-A6C9-83DCCBF39007}.Debug|x86.Build.0 = Debug|Win32
		{66927B8E-E1FE-4263-A6C9-83DCCBF39007}.Release|x64.ActiveCfg = Release|x64
		{66927B8E-E1FE-4263-A6C9-83DCCBF39007}.Release|x64.Build.0 = Release|x64
		{66927B8E-E1FE-4263-A6C9-83DCCBF39007}.Release|x86.ActiveCfg = Release|Win32
		{66927B8E-E1FE-4263-A6C9-83DCCBF39007}.Release|x86.Build.0 = Release|Win32
		{F846ED3E-869E-4962-9723-2221A9A9C709}.Debug|x64.ActiveCfg = Debug|x64
		{F846ED3E-869E-4962-9723-2221A9A9C709}.Debug|x64.Build.0 = Debug|x64
		{F846ED3E-869E-4962-9723-2221A9A9C709}.Debug|x86.ActiveCfg = Debug|Win32
		{F846ED3E-869E-4962-9723-2221A9A9C709}.Debug|x86.Build.0 = Debug|Win32
		{F846ED3E-869E-4962-9723-2221A9A9C709}.Release|x64.ActiveCfg = Release|x64
		{F846ED3E-869E-4962-9723-2221A9A9C709}.Release|x64.Build.0 = Release|x64
		{F846ED3E-869E-4962-9723-2221A9A9C709}.Release|x86.ActiveCfg = Release|Win32
		{F846ED3E-869E-4962-9723-2221A9A9C709}.Release|x86.Build.0 = Release|Win32
		{D441C4CF-911E-4E16-A4DA-8C4AAAA76B8B}.Debug|x64.ActiveCfg = Debug|x64
		{D441C4CF-911E-4E16-A4DA-8C4AAAA76B8B}.Debug|x64.Build.0 = Debug|x64
		{D441C4CF-911E-4E16-A4DA-8C4AAAA76B8B}.Debug|x86.ActiveCfg = Debug|Win32
		{D441C4CF-911E-4E16-A4DA-8C4AAAA76B8B}.Debug|x86.Build.0 = Debug|Win32
		{D441C4CF-911E-4E16-A4DA-8C4AAAA76B8B}.Release|x64.ActiveCfg = Release|x64
		{D441C4CF-911E-4E16-A4DA-8C4AAAA76B8B}.Release|x64.Build.0 = Release|x64
		{D441C4CF-911E-4E16-A4DA-8C4AAAA76B8B}.Release|x86.ActiveCfg = Release|Win32
		{D441C4CF-911E-4E16-A4DA-8C4AAAA76B8B}.Release|x86.Build.0 = Release|Win32
		{44D6B5A3-4828-4F79-AE68-BA9EE85E7FBD}.Debug|x64.ActiveCfg = Debug|x64
		{44D6B5A3-4828-4F79-AE68-BA9EE85E7FBD}.Debug|x64.Build.0 = Debug|x64
		{44D6B5A3-4828-4F79-AE68-BA9EE85E7FBD}.Debug|x86.ActiveCfg = Debug|Win32
		{44D6B5A3-4828-4F79-AE68-BA9EE85E7FBD}.Debug|x86.Build.0 = Debug|Win32
		{44D6B5A3-4828-4F79-AE68-BA9EE85E7FBD}.Release|x64.ActiveCfg = Release|x64
		{44D6B5A3-4828-4F79-AE68-BA9EE85E7FBD}.Release|x64.Build.0 = Release|x64
		{44D6B5A3-4828-4F79-AE68-BA9EE85E7FBD}.Release|x86.ActiveCfg = Release|Win32
		{44D6B5A3-4828-4F79-AE68-BA9EE85E7FBD}.Release|x86.Build.0 = Release|Win32
		{E6F8876D-E2B6-430B-B95C-71864BB3DEF2}.Debug|x64.ActiveCfg = Debug|x64
		{E6F8876D-E2B6-430B-B95C-71864BB3DEF2}.Debug|x64.Build.0 = Debug|x64
		{E6F8876D-E2B6-430B-B95C-71864BB3DEF2}.Debug|x86.ActiveCfg = Debug|Win32
		{E6F8876D-E2B6-430B-B95C-71864BB3DEF2}.Debug|x86.Build.0 = Debug|Win32
		{E6F8876D-E2B6-430B-B95C-71864BB3DEF2}.Release|x64.ActiveCfg = Release|x64
		{E6F8876D-E2B6-430B-B95C-71864BB3DEF2}.Release|x64.Build.0 = Release|x64
		{E6F8876D-E2B6-430B-B95C-71864BB3DEF2}.Release|x86.ActiveCfg = Release|Win32
		{E6F8876D-E2B6-430B-B95C-71864BB3DEF2}.Release|x86.Build.0 = Release|Win32
		{9A6B4C6A-EF80-4383-8BE1-36DE08D1BC39}.Debug|x64.ActiveCfg = Debug|x64
		{9A6B4C6A-EF80-4383-8BE1-36DE08D1BC39}.Debug|x64.Build.0 = Debug|x64
		{9A6B4C6A-EF80-4383-8BE1-36DE08D1BC39}.Debug|x86.ActiveCfg = Debug|Win32
		{9A6B4C6A-EF80-4383-8BE1-36DE08D1BC39}.Debug|x86.Build.0 = Debug|Win32
		{9A6B4C6A-EF80-4383-8BE1-36DE08D1BC39}.Release|x64.ActiveCfg = Release|x64
		{9A6B4C6A-EF80-4383-8BE1-36DE08D1BC39}.Release|x64.Build.0 = Release|x64
		{9A6B4C6A-EF80-4383-8BE1-36DE08D1BC39}.Release|x86.ActiveCfg = Release|Win32
		{9A6B4C6A-EF80-4383-8BE1-36DE08D1BC39}.Release|x86.Build.0 = Release|Win32
		{0E355C76-A654-4138-A01A-1943B86DB3ED}.Debug|x64.ActiveCfg = Debug|x64
		{0E355C76-A654-4138-A01A-1943B86DB3ED}.Debug|x64.Build.0 = Debug|x64
		{0E355C76-A654-4138-A01A-1943B86DB3ED}.Debug|x86.ActiveCfg = Debug|Win32
		{0E355C76-A654-4138-A01A-1943B86DB3ED}.Debug|x86.Build.0 = Debug|Win32
		{0E355C76-A654-4138-A01A-1943B86DB3ED}.Release|x64.ActiveCfg = Release|x64
		{0E355C76-A654-4138-A01A-1943B86DB3ED}.Release|x64.Build.0 = Release|x64
		{0E355C76-A654-4138-A01A-1943B86DB3ED}.Release|x86.ActiveCfg = Release|Win32
		{0E355C76-A654-4138-A01A-1943B86DB3ED}.Release|x86.Build.0 = Release|Win32
	EndGlobalSection
	GlobalSection(SolutionProperties) = preSolution
		HideSolutionNode = FALSE
	EndGlobalSection
	GlobalSection(ExtensibilityGlobals) = postSolution
		SolutionGuid = {CF9836E3-BA4D-4D65-9841-BE8352E5D9AE}
	EndGlobalSection
EndGlobal
